
Microsoft Visual Studio Solution File, Format Version 12.00
# Visual Studio Version 16
VisualStudioVersion = 16.0.28917.181
MinimumVisualStudioVersion = 10.0.40219.1
Project("{FAE04EC0-301F-11D3-BF4B-00C04F79EFBC}") = "SACMC", "SACMC.csproj", "{7DD5FD6A-E8BC-4E8C-B444-4CA562EBBE38}"
EndProject
Global
	GlobalSection(SolutionConfigurationPlatforms) = preSolution
		Debug|Any CPU = Debug|Any CPU
		Release|Any CPU = Release|Any CPU
	EndGlobalSection
	GlobalSection(ProjectConfigurationPlatforms) = postSolution
		{7DD5FD6A-E8BC-4E8C-B444-4CA562EBBE38}.Debug|Any CPU.ActiveCfg = Debug|Any CPU
		{7DD5FD6A-E8BC-4E8C-B444-4CA562EBBE38}.Debug|Any CPU.Build.0 = Debug|Any CPU
		{7DD5FD6A-E8BC-4E8C-B444-4CA562EBBE38}.Release|Any CPU.ActiveCfg = Release|Any CPU
		{7DD5FD6A-E8BC-4E8C-B444-4CA562EBBE38}.Release|Any CPU.Build.0 = Release|Any CPU
	EndGlobalSection
	GlobalSection(SolutionProperties) = preSolution
		HideSolutionNode = FALSE
	EndGlobalSection
	GlobalSection(ExtensibilityGlobals) = postSolution
		SolutionGuid = {ABB5F80E-86FF-4AEB-B0EE-7E2988A8B416}
	EndGlobalSection
EndGlobal
